PODS:
  - Alamofire (4.8.1)
  - Keyboardy (0.2.5)
  - SDWebImage (4.4.6):
    - SDWebImage/Core (= 4.4.6)
  - SDWebImage/Core (4.4.6)

DEPENDENCIES:
  - Alamofire (~> 4.8)
  - Keyboardy
  - SDWebImage

SPEC CHECKSUMS:
  Alamofire: 16ce2c353fb72865124ddae8a57c5942388f4f11
  Keyboardy: 173a36394f540f38c20c6f5257c320c98e1716e0
  SDWebImage: 3f3f0c02f09798048c47a5ed0a13f17b063572d8

PODFILE CHECKSUM: ad38272a64fcd351177ec16dd8a788ba5525f63d

COCOAPODS: 1.4.0
